# requirements-lock.yaml — append-only ID 登记（由 requirements_lock.py 维护）
FR-5.1.3: {since: v1.0, summary: "系统输出每个申报人的可解释计分明细（指标—规则—证据—计算式—佐证—材料定位）"}
FR-5.1.5: {since: v1.0, summary: "系统按档位规则给出档位与「标志性成果」徽标"}
FR-5.1.6: {since: v1.0, summary: "专家可对单个申报人发起直通车，需填理由并留痕"}
FR-5.1.7: {since: v1.0, summary: "专家可独立于总分标记「亮点」"}
FR-5.1.8: {since: v1.0, summary: "命中负面清单任一项触发一票否决，不计入排序"}
FR-5.2.1: {since: v1.0, summary: "仅质检确认的申报人计入榜单排序"}
FR-5.2.2: {since: v1.0, summary: "榜单支持按维度筛选、排序、分页"}
FR-5.3.2: {since: v1.0, summary: "抽取数据须经质检确认后方可计入下游计算与排序"}
NFR-1: {since: v1.0, summary: "可解释 每条得分可溯源到指标—规则—证据"}
NFR-2: {since: v1.0, summary: "准确性 计分与配置标准一致"}
NFR-3: {since: v1.0, summary: "密级 敏感字段按密级管控/脱敏"}
NFR-4: {since: v1.0, summary: "审计 所有写操作留痕、只增不改"}
